
Microsoft Visual Studio Solution File, Format Version 12.00
# Visual Studio Version 17
VisualStudioVersion = 17.0.32126.317
MinimumVisualStudioVersion = 10.0.40219.1
Project("{9A19103F-16F7-4668-BE54-9A1E7A4F7556}") = "CommonElement", "CommonElement\CommonElement.csproj", "{5FE647EF-AADD-4784-A01C-9B2DBA321341}"
EndProject
Project("{9A19103F-16F7-4668-BE54-9A1E7A4F7556}") = "ZigZag", "ZigZag\ZigZag.csproj", "{D9633A34-D444-4408-94B9-67779FE82F60}"
EndProject
Project("{9A19103F-16F7-4668-BE54-9A1E7A4F7556}") = "ArrRotation", "ArrRotation\ArrRotation.csproj", "{7283065E-0ACB-4D64-B3B5-FD0D756577BA}"
EndProject
Project("{9A19103F-16F7-4668-BE54-9A1E7A4F7556}") = "TopInteger", "TopInteger\TopInteger.csproj", "{71892D57-A1ED-4A1E-B44B-84B0AE2085B3}"
EndProject
Project("{9A19103F-16F7-4668-BE54-9A1E7A4F7556}") = "EqualSum", "EqualSum\EqualSum.csproj", "{502691FC-253C-49CF-9E03-E1E899015031}"
EndProject
Project("{9A19103F-16F7-4668-BE54-9A1E7A4F7556}") = "LongestSequence", "LongestSequence\LongestSequence.csproj", "{479E56B8-A25B-4015-93B8-30FB20F7108C}"
EndProject
Project("{FAE04EC0-301F-11D3-BF4B-00C04F79EFBC}") = "MagicSum", "MagicSum\MagicSum.csproj", "{89B6FBA6-1F69-4EB3-A3D8-32BECAA08D0B}"
EndProject
Project("{FAE04EC0-301F-11D3-BF4B-00C04F79EFBC}") = "KaminoFactory", "KaminoFactory\KaminoFactory.csproj", "{6433BEBF-CC9A-4BB7-8F05-FAFAB574DFA6}"
EndProject
Global
	GlobalSection(SolutionConfigurationPlatforms) = preSolution
		Debug|Any CPU = Debug|Any CPU
		Release|Any CPU = Release|Any CPU
	EndGlobalSection
	GlobalSection(ProjectConfigurationPlatforms) = postSolution
		{5FE647EF-AADD-4784-A01C-9B2DBA321341}.Debug|Any CPU.ActiveCfg = Debug|Any CPU
		{5FE647EF-AADD-4784-A01C-9B2DBA321341}.Debug|Any CPU.Build.0 = Debug|Any CPU
		{5FE647EF-AADD-4784-A01C-9B2DBA321341}.Release|Any CPU.ActiveCfg = Release|Any CPU
		{5FE647EF-AADD-4784-A01C-9B2DBA321341}.Release|Any CPU.Build.0 = Release|Any CPU
		{D9633A34-D444-4408-94B9-67779FE82F60}.Debug|Any CPU.ActiveCfg = Debug|Any CPU
		{D9633A34-D444-4408-94B9-67779FE82F60}.Debug|Any CPU.Build.0 = Debug|Any CPU
		{D9633A34-D444-4408-94B9-67779FE82F60}.Release|Any CPU.ActiveCfg = Release|Any CPU
		{D9633A34-D444-4408-94B9-67779FE82F60}.Release|Any CPU.Build.0 = Release|Any CPU
		{7283065E-0ACB-4D64-B3B5-FD0D756577BA}.Debug|Any CPU.ActiveCfg = Debug|Any CPU
		{7283065E-0ACB-4D64-B3B5-FD0D756577BA}.Debug|Any CPU.Build.0 = Debug|Any CPU
		{7283065E-0ACB-4D64-B3B5-FD0D756577BA}.Release|Any CPU.ActiveCfg = Release|Any CPU
		{7283065E-0ACB-4D64-B3B5-FD0D756577BA}.Release|Any CPU.Build.0 = Release|Any CPU
		{71892D57-A1ED-4A1E-B44B-84B0AE2085B3}.Debug|Any CPU.ActiveCfg = Debug|Any CPU
		{71892D57-A1ED-4A1E-B44B-84B0AE2085B3}.Debug|Any CPU.Build.0 = Debug|Any CPU
		{71892D57-A1ED-4A1E-B44B-84B0AE2085B3}.Release|Any CPU.ActiveCfg = Release|Any CPU
		{71892D57-A1ED-4A1E-B44B-84B0AE2085B3}.Release|Any CPU.Build.0 = Release|Any CPU
		{502691FC-253C-49CF-9E03-E1E899015031}.Debug|Any CPU.ActiveCfg = Debug|Any CPU
		{502691FC-253C-49CF-9E03-E1E899015031}.Debug|Any CPU.Build.0 = Debug|Any CPU
		{502691FC-253C-49CF-9E03-E1E899015031}.Release|Any CPU.ActiveCfg = Release|Any CPU
		{502691FC-253C-49CF-9E03-E1E899015031}.Release|Any CPU.Build.0 = Release|Any CPU
		{479E56B8-A25B-4015-93B8-30FB20F7108C}.Debug|Any CPU.ActiveCfg = Debug|Any CPU
		{479E56B8-A25B-4015-93B8-30FB20F7108C}.Debug|Any CPU.Build.0 = Debug|Any CPU
		{479E56B8-A25B-4015-93B8-30FB20F7108C}.Release|Any CPU.ActiveCfg = Release|Any CPU
		{479E56B8-A25B-4015-93B8-30FB20F7108C}.Release|Any CPU.Build.0 = Release|Any CPU
		{89B6FBA6-1F69-4EB3-A3D8-32BECAA08D0B}.Debug|Any CPU.ActiveCfg = Debug|Any CPU
		{89B6FBA6-1F69-4EB3-A3D8-32BECAA08D0B}.Debug|Any CPU.Build.0 = Debug|Any CPU
		{89B6FBA6-1F69-4EB3-A3D8-32BECAA08D0B}.Release|Any CPU.ActiveCfg = Release|Any CPU
		{89B6FBA6-1F69-4EB3-A3D8-32BECAA08D0B}.Release|Any CPU.Build.0 = Release|Any CPU
		{6433BEBF-CC9A-4BB7-8F05-FAFAB574DFA6}.Debug|Any CPU.ActiveCfg = Debug|Any CPU
		{6433BEBF-CC9A-4BB7-8F05-FAFAB574DFA6}.Debug|Any CPU.Build.0 = Debug|Any CPU
		{6433BEBF-CC9A-4BB7-8F05-FAFAB574DFA6}.Release|Any CPU.ActiveCfg = Release|Any CPU
		{6433BEBF-CC9A-4BB7-8F05-FAFAB574DFA6}.Release|Any CPU.Build.0 = Release|Any CPU
	EndGlobalSection
	GlobalSection(SolutionProperties) = preSolution
		HideSolutionNode = FALSE
	EndGlobalSection
	GlobalSection(ExtensibilityGlobals) = postSolution
		SolutionGuid = {91001007-932D-4008-B4F5-A996763595E5}
	EndGlobalSection
EndGlobal
